
Microsoft Visual Studio Solution File, Format Version 12.00
# Visual Studio 14
VisualStudioVersion = 14.0.25420.1
MinimumVisualStudioVersion = 10.0.40219.1
Project("{FAE04EC0-301F-11D3-BF4B-00C04F79EFBC}") = "PowerDiaryTestWebApp", "PowerDiaryTestWebApp\PowerDiaryTestWebApp.csproj", "{9A0E8A65-D91A-468A-AEBE-01900DC82134}"
EndProject
Global
	GlobalSection(SolutionConfigurationPlatforms) = preSolution
		Debug|Any CPU = Debug|Any CPU
		Release|Any CPU = Release|Any CPU
	EndGlobalSection
	GlobalSection(ProjectConfigurationPlatforms) = postSolution
		{9A0E8A65-D91A-468A-AEBE-01900DC82134}.Debug|Any CPU.ActiveCfg = Debug|Any CPU
		{9A0E8A65-D91A-468A-AEBE-01900DC82134}.Debug|Any CPU.Build.0 = Debug|Any CPU
		{9A0E8A65-D91A-468A-AEBE-01900DC82134}.Release|Any CPU.ActiveCfg = Release|Any CPU
		{9A0E8A65-D91A-468A-AEBE-01900DC82134}.Release|Any CPU.Build.0 = Release|Any CPU
	EndGlobalSection
	GlobalSection(SolutionProperties) = preSolution
		HideSolutionNode = FALSE
	EndGlobalSection
EndGlobal
